PODS:
  - Capacitor (8.2.0):
    - CapacitorCordova
  - CapacitorApp (8.0.1):
    - Capacitor
  - CapacitorAppLauncher (8.0.1):
    - Capacitor
  - CapacitorClipboard (8.0.1):
    - Capacitor
  - CapacitorCommunityBluetoothLe (8.1.0):
    - Capacitor
  - CapacitorCordova (8.2.0)
  - CapacitorDialog (8.0.0):
    - Capacitor
  - CapacitorFilesystem (8.1.2):
    - Capacitor
    - IONFilesystemLib (~> 1.1.1)
  - CapacitorHaptics (8.0.1):
    - Capacitor
  - CapacitorKeyboard (8.0.1):
    - Capacitor
  - CapacitorMlkitBarcodeScanning (8.0.1):
    - Capacitor
    - GoogleMLKit/BarcodeScanning (~> 8.0.0)
  - CapacitorNativeSettings (8.0.0):
    - Capacitor
  - CapacitorPluginSafeArea (4.0.2):
    - Capacitor
  - CapacitorPushNotifications (8.0.2):
    - Capacitor
  - CapacitorSecureStoragePlugin (0.13.0):
    - Capacitor
    - SwiftKeychainWrapper
  - CapacitorShare (8.0.1):
    - Capacitor
  - CapacitorStatusBar (8.0.1):
    - Capacitor
  - CapgoCapacitorNativeBiometric (0.0.1):
    - Capacitor
  - CapgoNativeAudio (8.3.1):
    - Capacitor
  - CordovaPlugins (8.1.0):
    - CapacitorCordova
  - FirebaseCore (11.15.0):
    - FirebaseCoreInternal (~> 11.15.0)
    - GoogleUtilities/Environment (~> 8.1)
    - GoogleUtilities/Logger (~> 8.1)
  - FirebaseCoreInternal (11.15.0):
    - "GoogleUtilities/NSData+zlib (~> 8.1)"
  - FirebaseInstallations (11.15.0):
    - FirebaseCore (~> 11.15.0)
    - GoogleUtilities/Environment (~> 8.1)
    - GoogleUtilities/UserDefaults (~> 8.1)
    - PromisesObjC (~> 2.4)
  - FirebaseMessaging (11.15.0):
    - FirebaseCore (~> 11.15.0)
    - FirebaseInstallations (~> 11.0)
    - GoogleDataTransport (~> 10.0)
    - GoogleUtilities/AppDelegateSwizzler (~> 8.1)
    - GoogleUtilities/Environment (~> 8.1)
    - GoogleUtilities/Reachability (~> 8.1)
    - GoogleUtilities/UserDefaults (~> 8.1)
    - nanopb (~> 3.30910.0)
  - GoogleDataTransport (10.1.0):
    - nanopb (~> 3.30910.0)
    - PromisesObjC (~> 2.4)
  - GoogleMLKit/BarcodeScanning (8.0.0):
    - GoogleMLKit/MLKitCore
    - MLKitBarcodeScanning (~> 7.0.0)
  - GoogleMLKit/MLKitCore (8.0.0):
    - MLKitCommon (~> 13.0.0)
  - GoogleToolboxForMac/Defines (4.2.1)
  - GoogleToolboxForMac/Logger (4.2.1):
    - GoogleToolboxForMac/Defines (= 4.2.1)
  - "GoogleToolboxForMac/NSData+zlib (4.2.1)":
    - GoogleToolboxForMac/Defines (= 4.2.1)
  - GoogleUtilities/AppDelegateSwizzler (8.1.0):
    - GoogleUtilities/Environment
    - GoogleUtilities/Logger
    - GoogleUtilities/Network
    - GoogleUtilities/Privacy
  - GoogleUtilities/Environment (8.1.0):
    - GoogleUtilities/Privacy
  - GoogleUtilities/Logger (8.1.0):
    - GoogleUtilities/Environment
    - GoogleUtilities/Privacy
  - GoogleUtilities/Network (8.1.0):
    - GoogleUtilities/Logger
    - "GoogleUtilities/NSData+zlib"
    - GoogleUtilities/Privacy
    - GoogleUtilities/Reachability
  - "GoogleUtilities/NSData+zlib (8.1.0)":
    - GoogleUtilities/Privacy
  - GoogleUtilities/Privacy (8.1.0)
  - GoogleUtilities/Reachability (8.1.0):
    - GoogleUtilities/Logger
    - GoogleUtilities/Privacy
  - GoogleUtilities/UserDefaults (8.1.0):
    - GoogleUtilities/Logger
    - GoogleUtilities/Privacy
  - GTMSessionFetcher/Core (3.5.0)
  - IONFilesystemLib (1.1.1)
  - MauricewegnerCapacitorNavigationBar (8.0.0):
    - Capacitor
  - MLImage (1.0.0-beta7)
  - MLKitBarcodeScanning (7.0.0):
    - MLKitCommon (~> 13.0)
    - MLKitVision (~> 9.0)
  - MLKitCommon (13.0.0):
    - GoogleDataTransport (~> 10.0)
    - GoogleToolboxForMac/Logger (< 5.0, >= 4.2.1)
    - "GoogleToolboxForMac/NSData+zlib (< 5.0, >= 4.2.1)"
    - GoogleUtilities/Logger (~> 8.0)
    - GoogleUtilities/UserDefaults (~> 8.0)
    - GTMSessionFetcher/Core (< 4.0, >= 3.3.2)
  - MLKitVision (9.0.0):
    - GoogleToolboxForMac/Logger (< 5.0, >= 4.2.1)
    - "GoogleToolboxForMac/NSData+zlib (< 5.0, >= 4.2.1)"
    - GTMSessionFetcher/Core (< 4.0, >= 3.3.2)
    - MLImage (= 1.0.0-beta7)
    - MLKitCommon (~> 13.0)
  - MytonwalletAirAppLauncher (0.0.1):
    - Capacitor
  - MytonwalletCapacitorUsbHid (0.0.1):
    - Capacitor
  - nanopb (3.30910.0):
    - nanopb/decode (= 3.30910.0)
    - nanopb/encode (= 3.30910.0)
  - nanopb/decode (3.30910.0)
  - nanopb/encode (3.30910.0)
  - PromisesObjC (2.4.0)
  - SwiftKeychainWrapper (4.0.1)

DEPENDENCIES:
  - "Capacitor (from `../../../node_modules/@capacitor/ios`)"
  - "CapacitorApp (from `../../../node_modules/@capacitor/app`)"
  - "CapacitorAppLauncher (from `../../../node_modules/@capacitor/app-launcher`)"
  - "CapacitorClipboard (from `../../../node_modules/@capacitor/clipboard`)"
  - "CapacitorCommunityBluetoothLe (from `../../../node_modules/@capacitor-community/bluetooth-le`)"
  - "CapacitorCordova (from `../../../node_modules/@capacitor/ios`)"
  - CapacitorDialog (from `../../plugins/native-dialog`)
  - "CapacitorFilesystem (from `../../../node_modules/@capacitor/filesystem`)"
  - "CapacitorHaptics (from `../../../node_modules/@capacitor/haptics`)"
  - "CapacitorKeyboard (from `../../../node_modules/@capacitor/keyboard`)"
  - "CapacitorMlkitBarcodeScanning (from `../../../node_modules/@capacitor-mlkit/barcode-scanning`)"
  - CapacitorNativeSettings (from `../../../node_modules/capacitor-native-settings`)
  - CapacitorPluginSafeArea (from `../../../node_modules/capacitor-plugin-safe-area`)
  - "CapacitorPushNotifications (from `../../../node_modules/@capacitor/push-notifications`)"
  - CapacitorSecureStoragePlugin (from `../../../node_modules/capacitor-secure-storage-plugin`)
  - "CapacitorShare (from `../../../node_modules/@capacitor/share`)"
  - "CapacitorStatusBar (from `../../../node_modules/@capacitor/status-bar`)"
  - "CapgoCapacitorNativeBiometric (from `../../../node_modules/@capgo/capacitor-native-biometric`)"
  - "CapgoNativeAudio (from `../../../node_modules/@capgo/native-audio`)"
  - CordovaPlugins (from `../capacitor-cordova-ios-plugins`)
  - FirebaseMessaging (= 11.15.0)
  - "MauricewegnerCapacitorNavigationBar (from `../../../node_modules/@mauricewegner/capacitor-navigation-bar`)"
  - MytonwalletAirAppLauncher (from `../../plugins/air-app-launcher`)
  - "MytonwalletCapacitorUsbHid (from `../../../node_modules/@mytonwallet/capacitor-usb-hid`)"

SPEC REPOS:
  trunk:
    - FirebaseCore
    - FirebaseCoreInternal
    - FirebaseInstallations
    - FirebaseMessaging
    - GoogleDataTransport
    - GoogleMLKit
    - GoogleToolboxForMac
    - GoogleUtilities
    - GTMSessionFetcher
    - IONFilesystemLib
    - MLImage
    - MLKitBarcodeScanning
    - MLKitCommon
    - MLKitVision
    - nanopb
    - PromisesObjC
    - SwiftKeychainWrapper

EXTERNAL SOURCES:
  Capacitor:
    :path: "../../../node_modules/@capacitor/ios"
  CapacitorApp:
    :path: "../../../node_modules/@capacitor/app"
  CapacitorAppLauncher:
    :path: "../../../node_modules/@capacitor/app-launcher"
  CapacitorClipboard:
    :path: "../../../node_modules/@capacitor/clipboard"
  CapacitorCommunityBluetoothLe:
    :path: "../../../node_modules/@capacitor-community/bluetooth-le"
  CapacitorCordova:
    :path: "../../../node_modules/@capacitor/ios"
  CapacitorDialog:
    :path: "../../plugins/native-dialog"
  CapacitorFilesystem:
    :path: "../../../node_modules/@capacitor/filesystem"
  CapacitorHaptics:
    :path: "../../../node_modules/@capacitor/haptics"
  CapacitorKeyboard:
    :path: "../../../node_modules/@capacitor/keyboard"
  CapacitorMlkitBarcodeScanning:
    :path: "../../../node_modules/@capacitor-mlkit/barcode-scanning"
  CapacitorNativeSettings:
    :path: "../../../node_modules/capacitor-native-settings"
  CapacitorPluginSafeArea:
    :path: "../../../node_modules/capacitor-plugin-safe-area"
  CapacitorPushNotifications:
    :path: "../../../node_modules/@capacitor/push-notifications"
  CapacitorSecureStoragePlugin:
    :path: "../../../node_modules/capacitor-secure-storage-plugin"
  CapacitorShare:
    :path: "../../../node_modules/@capacitor/share"
  CapacitorStatusBar:
    :path: "../../../node_modules/@capacitor/status-bar"
  CapgoCapacitorNativeBiometric:
    :path: "../../../node_modules/@capgo/capacitor-native-biometric"
  CapgoNativeAudio:
    :path: "../../../node_modules/@capgo/native-audio"
  CordovaPlugins:
    :path: "../capacitor-cordova-ios-plugins"
  MauricewegnerCapacitorNavigationBar:
    :path: "../../../node_modules/@mauricewegner/capacitor-navigation-bar"
  MytonwalletAirAppLauncher:
    :path: "../../plugins/air-app-launcher"
  MytonwalletCapacitorUsbHid:
    :path: "../../../node_modules/@mytonwallet/capacitor-usb-hid"

SPEC CHECKSUMS:
  Capacitor: 49a454e1cdbd520bc106a220adca7913536a4933
  CapacitorApp: 942306cd1acf7774a00e89a3986af3a67c8cad7a
  CapacitorAppLauncher: 43949ccc5aaa5139a1ebe27a98c0a4d76c883fa7
  CapacitorClipboard: c75fdaa6e622111119f35e7914ecfc67b05efecb
  CapacitorCommunityBluetoothLe: e13e717be92b19f5573141b5d7a32a8ea16c4e69
  CapacitorCordova: a9ac88d84a1f5280f33b349fe50fce1902683ac0
  CapacitorDialog: 2aa33f33bb4b8b8d7f99e248b5f3fd15a19bf859
  CapacitorFilesystem: 2db285a1ac6e475cc27cae2e1bea999000f9e2be
  CapacitorHaptics: 4df2c625445cef39b67ea635a21802bc92df3b82
  CapacitorKeyboard: 867eb4b3c901d9bb5c3d0c93b546185d52484e19
  CapacitorMlkitBarcodeScanning: d97b2398adb4a8686fce9b1c0c6f09623f1baae8
  CapacitorNativeSettings: 61b7c3d4081dec0b348cc383af83f3e1faa89106
  CapacitorPluginSafeArea: d6b696287c91ab0e790d01213124a3cdba97dc43
  CapacitorPushNotifications: 5a1de4191a9fdbeacc84907313eede0bd59d2eb0
  CapacitorSecureStoragePlugin: d083ff28d9ba5bc74924b9bcf9754ea605016b63
  CapacitorShare: 0c58305114538568059bfc07111f22dcb9cb2a82
  CapacitorStatusBar: 32206abd53b14f339763da26f71286deaa891e16
  CapgoCapacitorNativeBiometric: be4ceeff38739d9c0f59b8c41456a3b01cfeddf0
  CapgoNativeAudio: ecd3daa4bcffa3c69468398aba32fa20e2f1fd1d
  CordovaPlugins: cfca8db13116183a0e348296c788e42924527215
  FirebaseCore: efb3893e5b94f32b86e331e3bd6dadf18b66568e
  FirebaseCoreInternal: 9afa45b1159304c963da48addb78275ef701c6b4
  FirebaseInstallations: 317270fec08a5d418fdbc8429282238cab3ac843
  FirebaseMessaging: 3b26e2cee503815e01c3701236b020aa9b576f09
  GoogleDataTransport: aae35b7ea0c09004c3797d53c8c41f66f219d6a7
  GoogleMLKit: ddd51d7dff36ff28defa69afedd9cdce684fd857
  GoogleToolboxForMac: d1a2cbf009c453f4d6ded37c105e2f67a32206d8
  GoogleUtilities: 00c88b9a86066ef77f0da2fab05f65d7768ed8e1
  GTMSessionFetcher: 5aea5ba6bd522a239e236100971f10cb71b96ab6
  IONFilesystemLib: dfa8706539ac9ab77ccfd6e5b3830ce9b5e57f6c
  MauricewegnerCapacitorNavigationBar: 6f1a8adf40fb912ccaf42f1900c88cc397ba76da
  MLImage: 2ab9c968e75f57911c16f4c9d9e8a8e9604a86a1
  MLKitBarcodeScanning: 72c6437f13a900833b400136be53a8a5d86f42fa
  MLKitCommon: 26b779f072a182c1603d4c88a101c350cac837b1
  MLKitVision: fa8dea9012ac59497c79ddbe9ebf32051047ac4c
  MytonwalletAirAppLauncher: 18b8c5cc85bc1d6161988e53221b1d54e7a9dd35
  MytonwalletCapacitorUsbHid: d37d8e638a45d54b9c08c90be9478cdad33603ef
  nanopb: fad817b59e0457d11a5dfbde799381cd727c1275
  PromisesObjC: f5707f49cb48b9636751c5b2e7d227e43fba9f47
  SwiftKeychainWrapper: 807ba1d63c33a7d0613288512399cd1eda1e470c

PODFILE CHECKSUM: 51120a262727c2eefdbc4e32a96f106e58b45db3

COCOAPODS: 1.16.2
