// !$*UTF8*$!
{
	archiveVersion = 1;
	classes = {
	};
	objectVersion = 54;
	objects = {

/* Begin PBXBuildFile section */
		0A5CBED435F033B692B7658D /* Pods_IONWallet_NoExtensions.framework in Frameworks */ = {isa = PBXBuildFile; fileRef = 4AE01800DB9A698BF927A656 /* Pods_IONWallet_NoExtensions.framework */; };
		210369CA9C0F830790249E00 /* IONWalletApp.swift in Sources */ = {isa = PBXBuildFile; fileRef = 27F19F5D2CECB4EB00ACE1B9 /* IONWalletApp.swift */; };
		271019AD2CBE75EC00972D1A /* AppSwitcher.swift in Sources */ = {isa = PBXBuildFile; fileRef = 271019AC2CBE75EA00972D1A /* AppSwitcher.swift */; };
		27F19F5E2CECB4EB00ACE1B9 /* main.swift in Sources */ = {isa = PBXBuildFile; fileRef = 27F19F5C2CECB4EB00ACE1B9 /* main.swift */; };
		27F19F5F2CECB4EB00ACE1B9 /* IONWalletApp.swift in Sources */ = {isa = PBXBuildFile; fileRef = 27F19F5D2CECB4EB00ACE1B9 /* IONWalletApp.swift */; };
		2FAD9763203C412B000D30F8 /* config.xml in Resources */ = {isa = PBXBuildFile; fileRef = 2FAD9762203C412B000D30F8 /* config.xml */; };
		38A2C0CE9AE3C9C63F6990F1 /* DebugView.swift in Sources */ = {isa = PBXBuildFile; fileRef = 58ADCD192D3D7DF600198370 /* DebugView.swift */; };
		50379B232058CBB4000EE86E /* capacitor.config.json in Resources */ = {isa = PBXBuildFile; fileRef = 50379B222058CBB4000EE86E /* capacitor.config.json */; };
		504EC3081FED79650016851F /* AppDelegate.swift in Sources */ = {isa = PBXBuildFile; fileRef = 504EC3071FED79650016851F /* AppDelegate.swift */; };
		50B271D11FEDC1A000F3C39B /* public in Resources */ = {isa = PBXBuildFile; fileRef = 50B271D01FEDC1A000F3C39B /* public */; };
		581C041C2F7131F50021E2E3 /* HomeScreenQuickAction.swift in Sources */ = {isa = PBXBuildFile; fileRef = 581C041B2F7131F50021E2E3 /* HomeScreenQuickAction.swift */; };
		581C041D2F7131F50021E2E3 /* HomeScreenQuickAction.swift in Sources */ = {isa = PBXBuildFile; fileRef = 581C041B2F7131F50021E2E3 /* HomeScreenQuickAction.swift */; };
		581C04222F7138A00021E2E3 /* WalletAppShortcuts.swift in Sources */ = {isa = PBXBuildFile; fileRef = 581C04212F7138A00021E2E3 /* WalletAppShortcuts.swift */; };
		581C04232F7138A00021E2E3 /* WalletAppShortcuts.swift in Sources */ = {isa = PBXBuildFile; fileRef = 581C04212F7138A00021E2E3 /* WalletAppShortcuts.swift */; };
		581C04262F7138A00021E2E3 /* WalletAppShortcuts.swift in Sources */ = {isa = PBXBuildFile; fileRef = 581C04212F7138A00021E2E3 /* WalletAppShortcuts.swift */; };
		585CF17B2E6E1CE100A5804F /* AppIcon.icon in Resources */ = {isa = PBXBuildFile; fileRef = 585CF17A2E6E1CE100A5804F /* AppIcon.icon */; };
		58ADCD1A2D3D7DF600198370 /* DebugView.swift in Sources */ = {isa = PBXBuildFile; fileRef = 58ADCD192D3D7DF600198370 /* DebugView.swift */; };
		58E2E5582E15210500B90FFD /* SceneDelegate.swift in Sources */ = {isa = PBXBuildFile; fileRef = 58E2E5572E15210500B90FFD /* SceneDelegate.swift */; };
		58F6317F2EB8CD8D00A90B79 /* AppSwitcher.swift in Sources */ = {isa = PBXBuildFile; fileRef = 271019AC2CBE75EA00972D1A /* AppSwitcher.swift */; };
		58F631802EB8CD8D00A90B79 /* SceneDelegate.swift in Sources */ = {isa = PBXBuildFile; fileRef = 58E2E5572E15210500B90FFD /* SceneDelegate.swift */; };
		58F631812EB8CD8D00A90B79 /* main.swift in Sources */ = {isa = PBXBuildFile; fileRef = 27F19F5C2CECB4EB00ACE1B9 /* main.swift */; };
		58F631822EB8CD8D00A90B79 /* IONWalletApp.swift in Sources */ = {isa = PBXBuildFile; fileRef = 27F19F5D2CECB4EB00ACE1B9 /* IONWalletApp.swift */; };
		58F631832EB8CD8D00A90B79 /* AppDelegate.swift in Sources */ = {isa = PBXBuildFile; fileRef = 504EC3071FED79650016851F /* AppDelegate.swift */; };
		58F631852EB8CD8D00A90B79 /* DebugView.swift in Sources */ = {isa = PBXBuildFile; fileRef = 58ADCD192D3D7DF600198370 /* DebugView.swift */; };
		58F631AA2EB8CD8D00A90B79 /* public in Resources */ = {isa = PBXBuildFile; fileRef = 50B271D01FEDC1A000F3C39B /* public */; };
		58F631AC2EB8CD8D00A90B79 /* capacitor.config.json in Resources */ = {isa = PBXBuildFile; fileRef = 50379B222058CBB4000EE86E /* capacitor.config.json */; };
		58F631AE2EB8CD8D00A90B79 /* AppIcon.icon in Resources */ = {isa = PBXBuildFile; fileRef = 585CF17A2E6E1CE100A5804F /* AppIcon.icon */; };
		58F631AF2EB8CD8D00A90B79 /* config.xml in Resources */ = {isa = PBXBuildFile; fileRef = 2FAD9762203C412B000D30F8 /* config.xml */; };
		58F631B02EB8CD8D00A90B79 /* GoogleService-Info.plist in Resources */ = {isa = PBXBuildFile; fileRef = CEE7F3EF2CE1FBCE009D2B34 /* GoogleService-Info.plist */; };
		59A4C2E82F4D1001009A1B2C /* Localizable.xcstrings in Resources */ = {isa = PBXBuildFile; fileRef = 59A4C2E62F4D1001009A1B2C /* Localizable.xcstrings */; };
		59A4C2E92F4D1001009A1B2C /* Localizable.xcstrings in Resources */ = {isa = PBXBuildFile; fileRef = 59A4C2E62F4D1001009A1B2C /* Localizable.xcstrings */; };
		59D100012F90000100FACE01 /* Assets.xcassets in Resources */ = {isa = PBXBuildFile; fileRef = 59D100062F90000100FACE01 /* Assets.xcassets */; };
		59D100022F90000100FACE01 /* Assets.xcassets in Resources */ = {isa = PBXBuildFile; fileRef = 59D100062F90000100FACE01 /* Assets.xcassets */; };
		59D100042F90000100FACE01 /* Assets.xcassets in Resources */ = {isa = PBXBuildFile; fileRef = 59D100062F90000100FACE01 /* Assets.xcassets */; };
		59E000052FA0000100BEEF01 /* WalletResources in Frameworks */ = {isa = PBXBuildFile; productRef = 59E0000A2FA0000100BEEF01 /* WalletResources */; };
		59E000062FA0000100BEEF01 /* WalletResources in Frameworks */ = {isa = PBXBuildFile; productRef = 59E0000B2FA0000100BEEF01 /* WalletResources */; };
		59E000092FA0000100BEEF01 /* WalletResources in Frameworks */ = {isa = PBXBuildFile; productRef = 59E0000E2FA0000100BEEF01 /* WalletResources */; };
		59F100012FB0000100CAFE01 /* JS in Resources */ = {isa = PBXBuildFile; fileRef = 59F100102FB0000100CAFE01 /* JS */; };
		59F100022FB0000100CAFE01 /* JS in Resources */ = {isa = PBXBuildFile; fileRef = 59F100102FB0000100CAFE01 /* JS */; };
		59F100042FB0000100CAFE01 /* JS in Resources */ = {isa = PBXBuildFile; fileRef = 59F100102FB0000100CAFE01 /* JS */; };
		5AE429864DBD1B9726792ABC /* capacitor.config.json in Resources */ = {isa = PBXBuildFile; fileRef = 50379B222058CBB4000EE86E /* capacitor.config.json */; };
		64B5317D60F6C186CD8F8DFA /* AppIcon.icon in Resources */ = {isa = PBXBuildFile; fileRef = 585CF17A2E6E1CE100A5804F /* AppIcon.icon */; };
		65C5B0BAE3D9A00A06DDBF32 /* SceneDelegate.swift in Sources */ = {isa = PBXBuildFile; fileRef = 58E2E5572E15210500B90FFD /* SceneDelegate.swift */; };
		71335BE0CB67B3D704148F53 /* Localizable.xcstrings in Resources */ = {isa = PBXBuildFile; fileRef = 59A4C2E62F4D1001009A1B2C /* Localizable.xcstrings */; };
		71798E4B19FC45A9B531DC7F /* Pods_IONWallet_Preview.framework in Frameworks */ = {isa = PBXBuildFile; fileRef = 33AFA1C24DA894DF2CD8A681 /* Pods_IONWallet_Preview.framework */; };
		74CBF4B1480ADEF6F8B6CE71 /* AppDelegate.swift in Sources */ = {isa = PBXBuildFile; fileRef = 504EC3071FED79650016851F /* AppDelegate.swift */; };
		8109CE061EF3B5CFFD3BA3EB /* AppSwitcher.swift in Sources */ = {isa = PBXBuildFile; fileRef = 271019AC2CBE75EA00972D1A /* AppSwitcher.swift */; };
		A8F86EF3D77B48377D3E0039 /* GoogleService-Info.plist in Resources */ = {isa = PBXBuildFile; fileRef = CEE7F3EF2CE1FBCE009D2B34 /* GoogleService-Info.plist */; };
		A95570473A46014B40615A92 /* HomeScreenQuickAction.swift in Sources */ = {isa = PBXBuildFile; fileRef = 581C041B2F7131F50021E2E3 /* HomeScreenQuickAction.swift */; };
		BBBE0A7A3FE5AE7B3AEF04AE /* main.swift in Sources */ = {isa = PBXBuildFile; fileRef = 27F19F5C2CECB4EB00ACE1B9 /* main.swift */; };
		CEE7F3F02CE1FBCE009D2B34 /* GoogleService-Info.plist in Resources */ = {isa = PBXBuildFile; fileRef = CEE7F3EF2CE1FBCE009D2B34 /* GoogleService-Info.plist */; };
		D730E78D88D7FB7CD2D30F77 /* config.xml in Resources */ = {isa = PBXBuildFile; fileRef = 2FAD9762203C412B000D30F8 /* config.xml */; };
		F0B41E894369BE4E4690BA34 /* Pods_IONWallet.framework in Frameworks */ = {isa = PBXBuildFile; fileRef = 9600AA328195207D1968E709 /* Pods_IONWallet.framework */; };
		F4EC0D4A6C88C0984080302D /* public in Resources */ = {isa = PBXBuildFile; fileRef = 50B271D01FEDC1A000F3C39B /* public */; };
/* End PBXBuildFile section */

/* Begin PBXCopyFilesBuildPhase section */
		25E81DF6D17BC7C934A315E4 /* Embed Frameworks */ = {
			isa = PBXCopyFilesBuildPhase;
			buildActionMask = 2147483647;
			dstPath = "";
			dstSubfolderSpec = 10;
			files = (
			);
			name = "Embed Frameworks";
			runOnlyForDeploymentPostprocessing = 0;
		};
		279105522C89BC3B0075D4B5 /* Embed Frameworks */ = {
			isa = PBXCopyFilesBuildPhase;
			buildActionMask = 2147483647;
			dstPath = "";
			dstSubfolderSpec = 10;
			files = (
			);
			name = "Embed Frameworks";
			runOnlyForDeploymentPostprocessing = 0;
		};
		58F631B12EB8CD8D00A90B79 /* Embed Frameworks */ = {
			isa = PBXCopyFilesBuildPhase;
			buildActionMask = 2147483647;
			dstPath = "";
			dstSubfolderSpec = 10;
			files = (
			);
			name = "Embed Frameworks";
			runOnlyForDeploymentPostprocessing = 0;
		};
/* End PBXCopyFilesBuildPhase section */

/* Begin PBXFileReference section */
		271019AC2CBE75EA00972D1A /* AppSwitcher.swift */ = {isa = PBXFileReference; lastKnownFileType = sourcecode.swift; path = AppSwitcher.swift; sourceTree = "<group>"; };
		272B3CF32D2AD4930024658E /* BigInt.framework */ = {isa = PBXFileReference; explicitFileType = wrapper.framework; path = BigInt.framework; sourceTree = BUILT_PRODUCTS_DIR; };
		278476092CC0648700524105 /* Capacitor.framework */ = {isa = PBXFileReference; explicitFileType = wrapper.framework; path = Capacitor.framework; sourceTree = BUILT_PRODUCTS_DIR; };
		27B24C372C89CA4C00AACB5B /* Kingfisher.framework */ = {isa = PBXFileReference; explicitFileType = wrapper.framework; path = Kingfisher.framework; sourceTree = BUILT_PRODUCTS_DIR; };
		27CBE7962CAEECD000FB0398 /* SwiftKeychainWrapper.framework */ = {isa = PBXFileReference; explicitFileType = wrapper.framework; path = SwiftKeychainWrapper.framework; sourceTree = BUILT_PRODUCTS_DIR; };
		27CBE7C82CAF044A00FB0398 /* SwiftKeychainWrapperLib.framework */ = {isa = PBXFileReference; explicitFileType = wrapper.framework; path = SwiftKeychainWrapperLib.framework; sourceTree = BUILT_PRODUCTS_DIR; };
		27F19F5C2CECB4EB00ACE1B9 /* main.swift */ = {isa = PBXFileReference; lastKnownFileType = sourcecode.swift; path = main.swift; sourceTree = "<group>"; };
		27F19F5D2CECB4EB00ACE1B9 /* IONWalletApp.swift */ = {isa = PBXFileReference; lastKnownFileType = sourcecode.swift; path = IONWalletApp.swift; sourceTree = "<group>"; };
		2C1F7C413C12813CB27D7176 /* Pods-IONWallet.debug.xcconfig */ = {isa = PBXFileReference; includeInIndex = 1; lastKnownFileType = text.xcconfig; name = "Pods-IONWallet.debug.xcconfig"; path = "Target Support Files/Pods-IONWallet/Pods-IONWallet.debug.xcconfig"; sourceTree = "<group>"; };
		2FAD9762203C412B000D30F8 /* config.xml */ = {isa = PBXFileReference; lastKnownFileType = text.xml; path = config.xml; sourceTree = "<group>"; };
		33AFA1C24DA894DF2CD8A681 /* Pods_IONWallet_Preview.framework */ = {isa = PBXFileReference; explicitFileType = wrapper.framework; includeInIndex = 0; path = Pods_IONWallet_Preview.framework; sourceTree = BUILT_PRODUCTS_DIR; };
		46B5FC650931B3990E86CF4E /* Pods-IONWallet_NoExtensions.debug.xcconfig */ = {isa = PBXFileReference; includeInIndex = 1; lastKnownFileType = text.xcconfig; name = "Pods-IONWallet_NoExtensions.debug.xcconfig"; path = "Target Support Files/Pods-IONWallet_NoExtensions/Pods-IONWallet_NoExtensions.debug.xcconfig"; sourceTree = "<group>"; };
		47944749FD2D0A00CA7F241E /* IONWallet_Preview.app */ = {isa = PBXFileReference; explicitFileType = wrapper.application; includeInIndex = 0; path = IONWallet_Preview.app; sourceTree = BUILT_PRODUCTS_DIR; };
		4AE01800DB9A698BF927A656 /* Pods_IONWallet_NoExtensions.framework */ = {isa = PBXFileReference; explicitFileType = wrapper.framework; includeInIndex = 0; path = Pods_IONWallet_NoExtensions.framework; sourceTree = BUILT_PRODUCTS_DIR; };
		4DD1FC7780B6103A92335F3B /* Pods-IONWallet_Preview.debug.xcconfig */ = {isa = PBXFileReference; includeInIndex = 1; lastKnownFileType = text.xcconfig; name = "Pods-IONWallet_Preview.debug.xcconfig"; path = "Target Support Files/Pods-IONWallet_Preview/Pods-IONWallet_Preview.debug.xcconfig"; sourceTree = "<group>"; };
		50379B222058CBB4000EE86E /* capacitor.config.json */ = {isa = PBXFileReference; fileEncoding = 4; lastKnownFileType = text.json; path = capacitor.config.json; sourceTree = "<group>"; };
		504EC3041FED79650016851F /* IONWallet.app */ = {isa = PBXFileReference; explicitFileType = wrapper.application; includeInIndex = 0; path = IONWallet.app; sourceTree = BUILT_PRODUCTS_DIR; };
		504EC3071FED79650016851F /* AppDelegate.swift */ = {isa = PBXFileReference; lastKnownFileType = sourcecode.swift; path = AppDelegate.swift; sourceTree = "<group>"; };
		504EC3131FED79650016851F /* Info.plist */ = {isa = PBXFileReference; lastKnownFileType = text.plist.xml; path = Info.plist; sourceTree = "<group>"; };
		50B271D01FEDC1A000F3C39B /* public */ = {isa = PBXFileReference; lastKnownFileType = folder; path = public; sourceTree = "<group>"; };
		579622823A5A8EDC7EE38C44 /* IONWallet_Preview.entitlements */ = {isa = PBXFileReference; includeInIndex = 1; lastKnownFileType = text.plist.entitlements; path = IONWallet_Preview.entitlements; sourceTree = "<group>"; };
		581C041B2F7131F50021E2E3 /* HomeScreenQuickAction.swift */ = {isa = PBXFileReference; lastKnownFileType = sourcecode.swift; path = HomeScreenQuickAction.swift; sourceTree = "<group>"; };
		581C04212F7138A00021E2E3 /* WalletAppShortcuts.swift */ = {isa = PBXFileReference; lastKnownFileType = sourcecode.swift; path = WalletAppShortcuts.swift; sourceTree = "<group>"; };
		582009A92E820A840010E2B5 /* WidgetKit.framework */ = {isa = PBXFileReference; lastKnownFileType = wrapper.framework; name = WidgetKit.framework; path = System/Library/Frameworks/WidgetKit.framework; sourceTree = SDKROOT; };
		582009AB2E820A850010E2B5 /* SwiftUI.framework */ = {isa = PBXFileReference; lastKnownFileType = wrapper.framework; name = SwiftUI.framework; path = System/Library/Frameworks/SwiftUI.framework; sourceTree = SDKROOT; };
		582009F32E822DDD0010E2B5 /* AirWidgetBundle.swift */ = {isa = PBXFileReference; lastKnownFileType = sourcecode.swift; path = AirWidgetBundle.swift; sourceTree = "<group>"; };
		582009F42E822DDD0010E2B5 /* Assets.xcassets */ = {isa = PBXFileReference; lastKnownFileType = folder.assetcatalog; path = Assets.xcassets; sourceTree = "<group>"; };
		582009F52E822DDD0010E2B5 /* Info.plist */ = {isa = PBXFileReference; lastKnownFileType = text.plist.xml; path = Info.plist; sourceTree = "<group>"; };
		58200A162E8239B50010E2B5 /* Widgets.framework */ = {isa = PBXFileReference; explicitFileType = wrapper.framework; path = Widgets.framework; sourceTree = BUILT_PRODUCTS_DIR; };
		585CF17A2E6E1CE100A5804F /* AppIcon.icon */ = {isa = PBXFileReference; lastKnownFileType = folder.iconcomposer.icon; path = AppIcon.icon; sourceTree = "<group>"; };
		588AD2212E83D44600588415 /* ActionsWidget.swift */ = {isa = PBXFileReference; lastKnownFileType = sourcecode.swift; path = ActionsWidget.swift; sourceTree = "<group>"; };
		588AD2232E83D48F00588415 /* ActionsWidgetTimelineEntry.swift */ = {isa = PBXFileReference; lastKnownFileType = sourcecode.swift; path = ActionsWidgetTimelineEntry.swift; sourceTree = "<group>"; };
		588AD2252E83D4EE00588415 /* ActionsWidgetConfiguration.swift */ = {isa = PBXFileReference; lastKnownFileType = sourcecode.swift; path = ActionsWidgetConfiguration.swift; sourceTree = "<group>"; };
		588AD2272E83D5C800588415 /* ActionsWidgetTimelineProvider.swift */ = {isa = PBXFileReference; lastKnownFileType = sourcecode.swift; path = ActionsWidgetTimelineProvider.swift; sourceTree = "<group>"; };
		5890CBA82E858CE100110FDF /* ChartView.swift */ = {isa = PBXFileReference; lastKnownFileType = sourcecode.swift; path = ChartView.swift; sourceTree = "<group>"; };
		5890CBA92E858CE100110FDF /* TokenWithChartWidget.swift */ = {isa = PBXFileReference; lastKnownFileType = sourcecode.swift; path = TokenWithChartWidget.swift; sourceTree = "<group>"; };
		5890CBAA2E858CE100110FDF /* TokenWithChartWidgetConfiguration.swift */ = {isa = PBXFileReference; lastKnownFileType = sourcecode.swift; path = TokenWithChartWidgetConfiguration.swift; sourceTree = "<group>"; };
		5890CBAB2E858CE100110FDF /* TokenWithChartWidgetTimelineEntry.swift */ = {isa = PBXFileReference; lastKnownFileType = sourcecode.swift; path = TokenWithChartWidgetTimelineEntry.swift; sourceTree = "<group>"; };
		5890CBAC2E858CE100110FDF /* TokenWithChartWidgetTimelineProvider.swift */ = {isa = PBXFileReference; lastKnownFileType = sourcecode.swift; path = TokenWithChartWidgetTimelineProvider.swift; sourceTree = "<group>"; };
		58ADCD192D3D7DF600198370 /* DebugView.swift */ = {isa = PBXFileReference; lastKnownFileType = sourcecode.swift; path = DebugView.swift; sourceTree = "<group>"; };
		58B1A72D2E87030400880BB1 /* ChartStyle.swift */ = {isa = PBXFileReference; lastKnownFileType = sourcecode.swift; path = ChartStyle.swift; sourceTree = "<group>"; };
		58B1A72F2E87036900880BB1 /* ActionsStyle.swift */ = {isa = PBXFileReference; lastKnownFileType = sourcecode.swift; path = ActionsStyle.swift; sourceTree = "<group>"; };
		58E2E5572E15210500B90FFD /* SceneDelegate.swift */ = {isa = PBXFileReference; lastKnownFileType = sourcecode.swift; path = SceneDelegate.swift; sourceTree = "<group>"; };
		58F631D32EB8CD8D00A90B79 /* IONWallet_NoExtensions.app */ = {isa = PBXFileReference; explicitFileType = wrapper.application; includeInIndex = 0; path = IONWallet_NoExtensions.app; sourceTree = BUILT_PRODUCTS_DIR; };
		58F6322F2EB8CDFA00A90B79 /* IONWallet_NoExtensions-Info.plist */ = {isa = PBXFileReference; lastKnownFileType = text.plist.xml; path = "IONWallet_NoExtensions-Info.plist"; sourceTree = "<group>"; };
		58F632302EB8CE8000A90B79 /* IONWallet_NoExtensions.entitlements */ = {isa = PBXFileReference; lastKnownFileType = text.plist.entitlements; path = IONWallet_NoExtensions.entitlements; sourceTree = "<group>"; };
		59A4C2E62F4D1001009A1B2C /* Localizable.xcstrings */ = {isa = PBXFileReference; lastKnownFileType = text.json.xcstrings; path = Localizable.xcstrings; sourceTree = "<group>"; };
		59B6E9A12F7B0001001A2B3C /* Localizable.xcstrings */ = {isa = PBXFileReference; lastKnownFileType = text.json.xcstrings; path = Localizable.xcstrings; sourceTree = "<group>"; };
		59C000252F81000100ABCD01 /* IONWallet.app */ = {isa = PBXFileReference; explicitFileType = wrapper.application; includeInIndex = 0; path = IONWallet.app; sourceTree = BUILT_PRODUCTS_DIR; };
		59C000262F81000100ABCD01 /* Info.plist */ = {isa = PBXFileReference; lastKnownFileType = text.plist.xml; path = Info.plist; sourceTree = "<group>"; };
		59C000272F81000100ABCD01 /* AppIcon.icon */ = {isa = PBXFileReference; lastKnownFileType = folder.iconcomposer.icon; path = AppIcon.icon; sourceTree = "<group>"; };
		59C000282F81000100ABCD01 /* IONWallet.entitlements */ = {isa = PBXFileReference; lastKnownFileType = text.plist.entitlements; path = IONWallet.entitlements; sourceTree = "<group>"; };
		59C0003E2F81000100ABCD01 /* GoogleService-Info.plist */ = {isa = PBXFileReference; lastKnownFileType = text.plist.xml; path = "GoogleService-Info.plist"; sourceTree = "<group>"; };
		59C0009A2F81000100ABCD01 /* Assets.xcassets */ = {isa = PBXFileReference; lastKnownFileType = folder.assetcatalog; path = Assets.xcassets; sourceTree = "<group>"; };
		59D100062F90000100FACE01 /* Assets.xcassets */ = {isa = PBXFileReference; lastKnownFileType = folder.assetcatalog; path = Assets.xcassets; sourceTree = "<group>"; };
		59D1000A2F90000100FACE01 /* diamond.tgs */ = {isa = PBXFileReference; lastKnownFileType = file; path = diamond.tgs; sourceTree = "<group>"; };
		59F100102FB0000100CAFE01 /* JS */ = {isa = PBXFileReference; lastKnownFileType = folder; path = JS; sourceTree = "<group>"; };
		59F100112FB0000100CAFE01 /* JS */ = {isa = PBXFileReference; lastKnownFileType = folder; path = JS; sourceTree = "<group>"; };
		6AEDE5416E3673C42B24A76F /* Pods-IONWallet_NoExtensions.release.xcconfig */ = {isa = PBXFileReference; includeInIndex = 1; lastKnownFileType = text.xcconfig; name = "Pods-IONWallet_NoExtensions.release.xcconfig"; path = "Target Support Files/Pods-IONWallet_NoExtensions/Pods-IONWallet_NoExtensions.release.xcconfig"; sourceTree = "<group>"; };
		9600AA328195207D1968E709 /* Pods_IONWallet.framework */ = {isa = PBXFileReference; explicitFileType = wrapper.framework; includeInIndex = 0; path = Pods_IONWallet.framework; sourceTree = BUILT_PRODUCTS_DIR; };
		C43B7F6B489AF6799EA86915 /* Pods-IONWallet.release.xcconfig */ = {isa = PBXFileReference; includeInIndex = 1; lastKnownFileType = text.xcconfig; name = "Pods-IONWallet.release.xcconfig"; path = "Target Support Files/Pods-IONWallet/Pods-IONWallet.release.xcconfig"; sourceTree = "<group>"; };
		CAC3D6138B5E7B5AF24B8370 /* IONWallet_Preview-Info.plist */ = {isa = PBXFileReference; includeInIndex = 1; lastKnownFileType = text.plist.xml; path = "IONWallet_Preview-Info.plist"; sourceTree = "<group>"; };
		CD581E3E625146A6E0CABE39 /* Pods-IONWallet_Preview.release.xcconfig */ = {isa = PBXFileReference; includeInIndex = 1; lastKnownFileType = text.xcconfig; name = "Pods-IONWallet_Preview.release.xcconfig"; path = "Target Support Files/Pods-IONWallet_Preview/Pods-IONWallet_Preview.release.xcconfig"; sourceTree = "<group>"; };
		CE138AE22AC7209B00BE5802 /* IONWallet.entitlements */ = {isa = PBXFileReference; lastKnownFileType = text.plist.entitlements; path = IONWallet.entitlements; sourceTree = "<group>"; };
		CEE7F3EF2CE1FBCE009D2B34 /* GoogleService-Info.plist */ = {isa = PBXFileReference; lastKnownFileType = text.plist.xml; path = "GoogleService-Info.plist"; sourceTree = "<group>"; };
/* End PBXFileReference section */

/* Begin PBXFileSystemSynchronizedRootGroup section */
		588AC1662E82428700588415 /* TokenWidget */ = {
			isa = PBXFileSystemSynchronizedRootGroup;
			exceptions = (
			);
			explicitFileTypes = {
			};
			explicitFolders = (
			);
			path = TokenWidget;
			sourceTree = "<group>";
		};
		588AC1892E82EC7400588415 /* Models */ = {
			isa = PBXFileSystemSynchronizedRootGroup;
			exceptions = (
			);
			explicitFileTypes = {
			};
			explicitFolders = (
			);
			path = Models;
			sourceTree = "<group>";
		};
		588AD21B2E83CE6500588415 /* SharedUI */ = {
			isa = PBXFileSystemSynchronizedRootGroup;
			exceptions = (
			);
			explicitFileTypes = {
			};
			explicitFolders = (
			);
			path = SharedUI;
			sourceTree = "<group>";
		};
/* End PBXFileSystemSynchronizedRootGroup section */

/* Begin PBXFrameworksBuildPhase section */
		504EC3011FED79650016851F /* Frameworks */ = {
			isa = PBXFrameworksBuildPhase;
			buildActionMask = 2147483647;
			files = (
				59E000052FA0000100BEEF01 /* WalletResources in Frameworks */,
				F0B41E894369BE4E4690BA34 /* Pods_IONWallet.framework in Frameworks */,
			);
			runOnlyForDeploymentPostprocessing = 0;
		};
		58F631862EB8CD8D00A90B79 /* Frameworks */ = {
			isa = PBXFrameworksBuildPhase;
			buildActionMask = 2147483647;
			files = (
				59E000062FA0000100BEEF01 /* WalletResources in Frameworks */,
				0A5CBED435F033B692B7658D /* Pods_IONWallet_NoExtensions.framework in Frameworks */,
			);
			runOnlyForDeploymentPostprocessing = 0;
		};
		DAB051B80AFAD29AE0FE9976 /* Frameworks */ = {
			isa = PBXFrameworksBuildPhase;
			buildActionMask = 2147483647;
			files = (
				59E000092FA0000100BEEF01 /* WalletResources in Frameworks */,
				71798E4B19FC45A9B531DC7F /* Pods_IONWallet_Preview.framework in Frameworks */,
			);
			runOnlyForDeploymentPostprocessing = 0;
		};
/* End PBXFrameworksBuildPhase section */

/* Begin PBXGroup section */
		271019712CBE6BA800972D1A /* Resources */ = {
			isa = PBXGroup;
			children = (
				59D100082F90000100FACE01 /* IONWallet */,
				59D100092F90000100FACE01 /* IONWallet */,
				59A4C2E62F4D1001009A1B2C /* Localizable.xcstrings */,
			);
			path = Resources;
			sourceTree = "<group>";
		};
		271019722CBE6BCB00972D1A /* Classes */ = {
			isa = PBXGroup;
			children = (
				27F19F5C2CECB4EB00ACE1B9 /* main.swift */,
				27F19F5D2CECB4EB00ACE1B9 /* IONWalletApp.swift */,
				504EC3071FED79650016851F /* AppDelegate.swift */,
				58E2E5572E15210500B90FFD /* SceneDelegate.swift */,
				271019AC2CBE75EA00972D1A /* AppSwitcher.swift */,
				58ADCD192D3D7DF600198370 /* DebugView.swift */,
				581C041B2F7131F50021E2E3 /* HomeScreenQuickAction.swift */,
				581C04212F7138A00021E2E3 /* WalletAppShortcuts.swift */,
			);
			path = Classes;
			sourceTree = "<group>";
		};
		27E2DDA53C4D2A4D1A88CE4A /* Frameworks */ = {
			isa = PBXGroup;
			children = (
				58200A162E8239B50010E2B5 /* Widgets.framework */,
				272B3CF32D2AD4930024658E /* BigInt.framework */,
				278476092CC0648700524105 /* Capacitor.framework */,
				27CBE7C82CAF044A00FB0398 /* SwiftKeychainWrapperLib.framework */,
				27CBE7962CAEECD000FB0398 /* SwiftKeychainWrapper.framework */,
				27B24C372C89CA4C00AACB5B /* Kingfisher.framework */,
				582009A92E820A840010E2B5 /* WidgetKit.framework */,
				582009AB2E820A850010E2B5 /* SwiftUI.framework */,
				4AE01800DB9A698BF927A656 /* Pods_IONWallet_NoExtensions.framework */,
				9600AA328195207D1968E709 /* Pods_IONWallet.framework */,
				33AFA1C24DA894DF2CD8A681 /* Pods_IONWallet_Preview.framework */,
			);
			name = Frameworks;
			sourceTree = "<group>";
		};
		504EC2FB1FED79650016851F = {
			isa = PBXGroup;
			children = (
				504EC3061FED79650016851F /* App */,
				582009F62E822DDD0010E2B5 /* AirWidget */,
				58F632322EB8CECA00A90B79 /* Entitlements */,
				504EC3051FED79650016851F /* Products */,
				27E2DDA53C4D2A4D1A88CE4A /* Frameworks */,
				8CF96923BBA8616E1DCFDC31 /* Pods */,
			);
			sourceTree = "<group>";
		};
		504EC3051FED79650016851F /* Products */ = {
			isa = PBXGroup;
			children = (
				504EC3041FED79650016851F /* IONWallet.app */,
				58F631D32EB8CD8D00A90B79 /* IONWallet_NoExtensions.app */,
				59C000252F81000100ABCD01 /* IONWallet.app */,
				47944749FD2D0A00CA7F241E /* IONWallet_Preview.app */,
			);
			name = Products;
			sourceTree = "<group>";
		};
		504EC3061FED79650016851F /* App */ = {
			isa = PBXGroup;
			children = (
				271019722CBE6BCB00972D1A /* Classes */,
				271019712CBE6BA800972D1A /* Resources */,
				50379B222058CBB4000EE86E /* capacitor.config.json */,
				2FAD9762203C412B000D30F8 /* config.xml */,
				50B271D01FEDC1A000F3C39B /* public */,
			);
			path = App;
			sourceTree = "<group>";
		};
		582009F62E822DDD0010E2B5 /* AirWidget */ = {
			isa = PBXGroup;
			children = (
				582009F32E822DDD0010E2B5 /* AirWidgetBundle.swift */,
				582009F42E822DDD0010E2B5 /* Assets.xcassets */,
				582009F52E822DDD0010E2B5 /* Info.plist */,
				59B6E9A12F7B0001001A2B3C /* Localizable.xcstrings */,
				588AC1892E82EC7400588415 /* Models */,
				588AD2202E83D38900588415 /* ActionsWidget */,
				588AC1662E82428700588415 /* TokenWidget */,
				5890CBAD2E858CE100110FDF /* TokenWithChartWidget */,
				588AD21B2E83CE6500588415 /* SharedUI */,
			);
			path = AirWidget;
			sourceTree = "<group>";
		};
		588AD2202E83D38900588415 /* ActionsWidget */ = {
			isa = PBXGroup;
			children = (
				588AD2212E83D44600588415 /* ActionsWidget.swift */,
				588AD2252E83D4EE00588415 /* ActionsWidgetConfiguration.swift */,
				58B1A72F2E87036900880BB1 /* ActionsStyle.swift */,
				588AD2232E83D48F00588415 /* ActionsWidgetTimelineEntry.swift */,
				588AD2272E83D5C800588415 /* ActionsWidgetTimelineProvider.swift */,
			);
			path = ActionsWidget;
			sourceTree = "<group>";
		};
		5890CBAD2E858CE100110FDF /* TokenWithChartWidget */ = {
			isa = PBXGroup;
			children = (
				5890CBA92E858CE100110FDF /* TokenWithChartWidget.swift */,
				5890CBAA2E858CE100110FDF /* TokenWithChartWidgetConfiguration.swift */,
				5890CBAB2E858CE100110FDF /* TokenWithChartWidgetTimelineEntry.swift */,
				5890CBAC2E858CE100110FDF /* TokenWithChartWidgetTimelineProvider.swift */,
				58B1A72D2E87030400880BB1 /* ChartStyle.swift */,
				5890CBA82E858CE100110FDF /* ChartView.swift */,
			);
			path = TokenWithChartWidget;
			sourceTree = "<group>";
		};
		58F632322EB8CECA00A90B79 /* Entitlements */ = {
			isa = PBXGroup;
			children = (
				CE138AE22AC7209B00BE5802 /* IONWallet.entitlements */,
				58F632302EB8CE8000A90B79 /* IONWallet_NoExtensions.entitlements */,
				59C000282F81000100ABCD01 /* IONWallet.entitlements */,
				579622823A5A8EDC7EE38C44 /* IONWallet_Preview.entitlements */,
			);
			path = Entitlements;
			sourceTree = "<group>";
		};
		59D100072F90000100FACE01 /* Animations */ = {
			isa = PBXGroup;
			children = (
				59D1000A2F90000100FACE01 /* diamond.tgs */,
			);
			path = Animations;
			sourceTree = "<group>";
		};
		59D100082F90000100FACE01 /* IONWallet */ = {
			isa = PBXGroup;
			children = (
				59F100102FB0000100CAFE01 /* JS */,
				59D100062F90000100FACE01 /* Assets.xcassets */,
				585CF17A2E6E1CE100A5804F /* AppIcon.icon */,
				CEE7F3EF2CE1FBCE009D2B34 /* GoogleService-Info.plist */,
				504EC3131FED79650016851F /* Info.plist */,
				58F6322F2EB8CDFA00A90B79 /* IONWallet_NoExtensions-Info.plist */,
				CAC3D6138B5E7B5AF24B8370 /* IONWallet_Preview-Info.plist */,
			);
			path = IONWallet;
			sourceTree = "<group>";
		};
		59D100092F90000100FACE01 /* IONWallet */ = {
			isa = PBXGroup;
			children = (
				59F100112FB0000100CAFE01 /* JS */,
				59C0009A2F81000100ABCD01 /* Assets.xcassets */,
				59C000272F81000100ABCD01 /* AppIcon.icon */,
				59D100072F90000100FACE01 /* Animations */,
				59C0003E2F81000100ABCD01 /* GoogleService-Info.plist */,
				59C000262F81000100ABCD01 /* Info.plist */,
			);
			path = IONWallet;
			sourceTree = "<group>";
		};
		8CF96923BBA8616E1DCFDC31 /* Pods */ = {
			isa = PBXGroup;
			children = (
				2C1F7C413C12813CB27D7176 /* Pods-IONWallet.debug.xcconfig */,
				C43B7F6B489AF6799EA86915 /* Pods-IONWallet.release.xcconfig */,
				46B5FC650931B3990E86CF4E /* Pods-IONWallet_NoExtensions.debug.xcconfig */,
				6AEDE5416E3673C42B24A76F /* Pods-IONWallet_NoExtensions.release.xcconfig */,
				CD581E3E625146A6E0CABE39 /* Pods-IONWallet_Preview.release.xcconfig */,
				4DD1FC7780B6103A92335F3B /* Pods-IONWallet_Preview.debug.xcconfig */,
			);
			path = Pods;
			sourceTree = "<group>";
		};
/* End PBXGroup section */

/* Begin PBXNativeTarget section */
		504EC3031FED79650016851F /* IONWallet */ = {
			isa = PBXNativeTarget;
			buildConfigurationList = 504EC3161FED79650016851F /* Build configuration list for PBXNativeTarget "IONWallet" */;
			buildPhases = (
				F5ABFFEDE52E6760E23AF9BA /* [CP] Check Pods Manifest.lock */,
				504EC3001FED79650016851F /* Sources */,
				504EC3011FED79650016851F /* Frameworks */,
				504EC3021FED79650016851F /* Resources */,
				279105522C89BC3B0075D4B5 /* Embed Frameworks */,
				D9FA27FD0BDF4FB3BFA5DE07 /* [CP] Embed Pods Frameworks */,
				E4C5666F70C526DDFE10A3B4 /* [CP] Copy Pods Resources */,
			);
			buildRules = (
			);
			dependencies = (
			);
			name = IONWallet;
			packageProductDependencies = (
				59E0000A2FA0000100BEEF01 /* WalletResources */,
			);
			productName = App;
			productReference = 504EC3041FED79650016851F /* IONWallet.app */;
			productType = "com.apple.product-type.application";
		};
		58F6317A2EB8CD8D00A90B79 /* IONWallet_NoExtensions */ = {
			isa = PBXNativeTarget;
			buildConfigurationList = 58F631D02EB8CD8D00A90B79 /* Build configuration list for PBXNativeTarget "IONWallet_NoExtensions" */;
			buildPhases = (
				58F6317D2EB8CD8D00A90B79 /* [CP] Check Pods Manifest.lock */,
				58F6317E2EB8CD8D00A90B79 /* Sources */,
				58F631862EB8CD8D00A90B79 /* Frameworks */,
				58F631A82EB8CD8D00A90B79 /* Resources */,
				58F631B12EB8CD8D00A90B79 /* Embed Frameworks */,
				58F631CD2EB8CD8D00A90B79 /* [CP] Embed Pods Frameworks */,
				06FB7C858CF0A6A30BAED0D5 /* [CP] Copy Pods Resources */,
			);
			buildRules = (
			);
			dependencies = (
			);
			name = IONWallet_NoExtensions;
			packageProductDependencies = (
				59E0000B2FA0000100BEEF01 /* WalletResources */,
			);
			productName = App;
			productReference = 58F631D32EB8CD8D00A90B79 /* IONWallet_NoExtensions.app */;
			productType = "com.apple.product-type.application";
		};
		7388E62D305CB72073B797EA /* IONWallet_Preview */ = {
			isa = PBXNativeTarget;
			buildConfigurationList = E7E6A44CCDF5260ACDE65F97 /* Build configuration list for PBXNativeTarget "IONWallet_Preview" */;
			buildPhases = (
				B9715A5C90CC18C1263D9091 /* [CP] Check Pods Manifest.lock */,
				4A9ADD0EA4262D6167811F4D /* Sources */,
				DAB051B80AFAD29AE0FE9976 /* Frameworks */,
				14BCC992DD052C192B99C53D /* Resources */,
				25E81DF6D17BC7C934A315E4 /* Embed Frameworks */,
				B1E8FD3183CC02C46D5B48EE /* [CP] Embed Pods Frameworks */,
				967D35CE69829376F2332A05 /* [CP] Copy Pods Resources */,
			);
			buildRules = (
			);
			dependencies = (
			);
			name = IONWallet_Preview;
			packageProductDependencies = (
				59E0000E2FA0000100BEEF01 /* WalletResources */,
			);
			productName = IONWallet_Preview;
			productReference = 47944749FD2D0A00CA7F241E /* IONWallet_Preview.app */;
			productType = "com.apple.product-type.application";
		};
/* End PBXNativeTarget section */

/* Begin PBXProject section */
		504EC2FC1FED79650016851F /* Project object */ = {
			isa = PBXProject;
			attributes = {
				BuildIndependentTargetsInParallel = YES;
				LastSwiftUpdateCheck = 2600;
				LastUpgradeCheck = 2630;
				TargetAttributes = {
					504EC3031FED79650016851F = {
						CreatedOnToolsVersion = 9.2;
						LastSwiftMigration = 1100;
					};
					59C000332F81000100ABCD01 = {
						CreatedOnToolsVersion = 26.3;
					};
					59C000342F81000100ABCD01 = {
						CreatedOnToolsVersion = 26.3;
					};
				};
			};
			buildConfigurationList = 504EC2FF1FED79650016851F /* Build configuration list for PBXProject "App" */;
			compatibilityVersion = "Xcode 13.0";
			developmentRegion = en;
			hasScannedForEncodings = 0;
			knownRegions = (
				en,
				Base,
				ru,
				"zh-Hans",
				"zh-Hant",
				de,
				pl,
				es,
				th,
				tr,
				uk,
			);
			mainGroup = 504EC2FB1FED79650016851F;
			packageReferences = (
				2054E5367348F6E9D47E2836 /* XCRemoteSwiftPackageReference "firebase-ios-sdk" */,
			);
			productRefGroup = 504EC3051FED79650016851F /* Products */;
			projectDirPath = "";
			projectRoot = "";
			targets = (
				504EC3031FED79650016851F /* IONWallet */,
				58F6317A2EB8CD8D00A90B79 /* IONWallet_NoExtensions */,
				7388E62D305CB72073B797EA /* IONWallet_Preview */,
			);
		};
/* End PBXProject section */

/* Begin PBXResourcesBuildPhase section */
		14BCC992DD052C192B99C53D /* Resources */ = {
			isa = PBXResourcesBuildPhase;
			buildActionMask = 2147483647;
			files = (
				F4EC0D4A6C88C0984080302D /* public in Resources */,
				59F100042FB0000100CAFE01 /* JS in Resources */,
				59D100042F90000100FACE01 /* Assets.xcassets in Resources */,
				5AE429864DBD1B9726792ABC /* capacitor.config.json in Resources */,
				64B5317D60F6C186CD8F8DFA /* AppIcon.icon in Resources */,
				D730E78D88D7FB7CD2D30F77 /* config.xml in Resources */,
				A8F86EF3D77B48377D3E0039 /* GoogleService-Info.plist in Resources */,
				71335BE0CB67B3D704148F53 /* Localizable.xcstrings in Resources */,
			);
			runOnlyForDeploymentPostprocessing = 0;
		};
		504EC3021FED79650016851F /* Resources */ = {
			isa = PBXResourcesBuildPhase;
			buildActionMask = 2147483647;
			files = (
				50B271D11FEDC1A000F3C39B /* public in Resources */,
				59F100012FB0000100CAFE01 /* JS in Resources */,
				59D100012F90000100FACE01 /* Assets.xcassets in Resources */,
				50379B232058CBB4000EE86E /* capacitor.config.json in Resources */,
				585CF17B2E6E1CE100A5804F /* AppIcon.icon in Resources */,
				2FAD9763203C412B000D30F8 /* config.xml in Resources */,
				CEE7F3F02CE1FBCE009D2B34 /* GoogleService-Info.plist in Resources */,
				59A4C2E82F4D1001009A1B2C /* Localizable.xcstrings in Resources */,
			);
			runOnlyForDeploymentPostprocessing = 0;
		};
		58F631A82EB8CD8D00A90B79 /* Resources */ = {
			isa = PBXResourcesBuildPhase;
			buildActionMask = 2147483647;
			files = (
				58F631AA2EB8CD8D00A90B79 /* public in Resources */,
				59F100022FB0000100CAFE01 /* JS in Resources */,
				59D100022F90000100FACE01 /* Assets.xcassets in Resources */,
				58F631AC2EB8CD8D00A90B79 /* capacitor.config.json in Resources */,
				58F631AE2EB8CD8D00A90B79 /* AppIcon.icon in Resources */,
				58F631AF2EB8CD8D00A90B79 /* config.xml in Resources */,
				58F631B02EB8CD8D00A90B79 /* GoogleService-Info.plist in Resources */,
				59A4C2E92F4D1001009A1B2C /* Localizable.xcstrings in Resources */,
			);
			runOnlyForDeploymentPostprocessing = 0;
		};
/* End PBXResourcesBuildPhase section */

/* Begin PBXShellScriptBuildPhase section */
		06FB7C858CF0A6A30BAED0D5 /* [CP] Copy Pods Resources */ = {
			isa = PBXShellScriptBuildPhase;
			alwaysOutOfDate = 1;
			buildActionMask = 2147483647;
			files = (
			);
			inputFileListPaths = (
			);
			name = "[CP] Copy Pods Resources";
			outputFileListPaths = (
			);
			runOnlyForDeploymentPostprocessing = 0;
			shellPath = /bin/sh;
			shellScript = "\"${PODS_ROOT}/Target Support Files/Pods-IONWallet_NoExtensions/Pods-IONWallet_NoExtensions-resources.sh\"\n";
			showEnvVarsInLog = 0;
		};
		58F6317D2EB8CD8D00A90B79 /* [CP] Check Pods Manifest.lock */ = {
			isa = PBXShellScriptBuildPhase;
			buildActionMask = 2147483647;
			files = (
			);
			inputFileListPaths = (
			);
			inputPaths = (
				"${PODS_PODFILE_DIR_PATH}/Podfile.lock",
				"${PODS_ROOT}/Manifest.lock",
			);
			name = "[CP] Check Pods Manifest.lock";
			outputFileListPaths = (
			);
			outputPaths = (
				"$(DERIVED_FILE_DIR)/Pods-IONWallet_NoExtensions-checkManifestLockResult.txt",
			);
			runOnlyForDeploymentPostprocessing = 0;
			shellPath = /bin/sh;
			shellScript = "diff \"${PODS_PODFILE_DIR_PATH}/Podfile.lock\" \"${PODS_ROOT}/Manifest.lock\" > /dev/null\nif [ $? != 0 ] ; then\n    # print error to STDERR\n    echo \"error: The sandbox is not in sync with the Podfile.lock. Run 'pod install' or update your CocoaPods installation.\" >&2\n    exit 1\nfi\n# This output is used by Xcode 'outputs' to avoid re-running this script phase.\necho \"SUCCESS\" > \"${SCRIPT_OUTPUT_FILE_0}\"\n";
			showEnvVarsInLog = 0;
		};
		58F631CD2EB8CD8D00A90B79 /* [CP] Embed Pods Frameworks */ = {
			isa = PBXShellScriptBuildPhase;
			alwaysOutOfDate = 1;
			buildActionMask = 2147483647;
			files = (
			);
			inputFileListPaths = (
			);
			name = "[CP] Embed Pods Frameworks";
			outputFileListPaths = (
			);
			runOnlyForDeploymentPostprocessing = 0;
			shellPath = /bin/sh;
			shellScript = "\"${PODS_ROOT}/Target Support Files/Pods-IONWallet_NoExtensions/Pods-IONWallet_NoExtensions-frameworks.sh\"\n";
			showEnvVarsInLog = 0;
		};
		967D35CE69829376F2332A05 /* [CP] Copy Pods Resources */ = {
			isa = PBXShellScriptBuildPhase;
			alwaysOutOfDate = 1;
			buildActionMask = 2147483647;
			files = (
			);
			inputFileListPaths = (
			);
			name = "[CP] Copy Pods Resources";
			outputFileListPaths = (
			);
			runOnlyForDeploymentPostprocessing = 0;
			shellPath = /bin/sh;
			shellScript = "\"${PODS_ROOT}/Target Support Files/Pods-IONWallet_Preview/Pods-IONWallet_Preview-resources.sh\"\n";
			showEnvVarsInLog = 0;
		};
		B1E8FD3183CC02C46D5B48EE /* [CP] Embed Pods Frameworks */ = {
			isa = PBXShellScriptBuildPhase;
			alwaysOutOfDate = 1;
			buildActionMask = 2147483647;
			files = (
			);
			inputFileListPaths = (
			);
			name = "[CP] Embed Pods Frameworks";
			outputFileListPaths = (
			);
			runOnlyForDeploymentPostprocessing = 0;
			shellPath = /bin/sh;
			shellScript = "\"${PODS_ROOT}/Target Support Files/Pods-IONWallet_Preview/Pods-IONWallet_Preview-frameworks.sh\"\n";
			showEnvVarsInLog = 0;
		};
		B9715A5C90CC18C1263D9091 /* [CP] Check Pods Manifest.lock */ = {
			isa = PBXShellScriptBuildPhase;
			buildActionMask = 2147483647;
			files = (
			);
			inputFileListPaths = (
			);
			inputPaths = (
				"${PODS_PODFILE_DIR_PATH}/Podfile.lock",
				"${PODS_ROOT}/Manifest.lock",
			);
			name = "[CP] Check Pods Manifest.lock";
			outputFileListPaths = (
			);
			outputPaths = (
				"$(DERIVED_FILE_DIR)/Pods-IONWallet_Preview-checkManifestLockResult.txt",
			);
			runOnlyForDeploymentPostprocessing = 0;
			shellPath = /bin/sh;
			shellScript = "diff \"${PODS_PODFILE_DIR_PATH}/Podfile.lock\" \"${PODS_ROOT}/Manifest.lock\" > /dev/null\nif [ $? != 0 ] ; then\n    # print error to STDERR\n    echo \"error: The sandbox is not in sync with the Podfile.lock. Run 'pod install' or update your CocoaPods installation.\" >&2\n    exit 1\nfi\n# This output is used by Xcode 'outputs' to avoid re-running this script phase.\necho \"SUCCESS\" > \"${SCRIPT_OUTPUT_FILE_0}\"\n";
			showEnvVarsInLog = 0;
		};
		D9FA27FD0BDF4FB3BFA5DE07 /* [CP] Embed Pods Frameworks */ = {
			isa = PBXShellScriptBuildPhase;
			alwaysOutOfDate = 1;
			buildActionMask = 2147483647;
			files = (
			);
			inputFileListPaths = (
			);
			name = "[CP] Embed Pods Frameworks";
			outputFileListPaths = (
			);
			runOnlyForDeploymentPostprocessing = 0;
			shellPath = /bin/sh;
			shellScript = "\"${PODS_ROOT}/Target Support Files/Pods-IONWallet/Pods-IONWallet-frameworks.sh\"\n";
			showEnvVarsInLog = 0;
		};
		E4C5666F70C526DDFE10A3B4 /* [CP] Copy Pods Resources */ = {
			isa = PBXShellScriptBuildPhase;
			alwaysOutOfDate = 1;
			buildActionMask = 2147483647;
			files = (
			);
			inputFileListPaths = (
			);
			name = "[CP] Copy Pods Resources";
			outputFileListPaths = (
			);
			runOnlyForDeploymentPostprocessing = 0;
			shellPath = /bin/sh;
			shellScript = "\"${PODS_ROOT}/Target Support Files/Pods-IONWallet/Pods-IONWallet-resources.sh\"\n";
			showEnvVarsInLog = 0;
		};
		F5ABFFEDE52E6760E23AF9BA /* [CP] Check Pods Manifest.lock */ = {
			isa = PBXShellScriptBuildPhase;
			buildActionMask = 2147483647;
			files = (
			);
			inputFileListPaths = (
			);
			inputPaths = (
				"${PODS_PODFILE_DIR_PATH}/Podfile.lock",
				"${PODS_ROOT}/Manifest.lock",
			);
			name = "[CP] Check Pods Manifest.lock";
			outputFileListPaths = (
			);
			outputPaths = (
				"$(DERIVED_FILE_DIR)/Pods-IONWallet-checkManifestLockResult.txt",
			);
			runOnlyForDeploymentPostprocessing = 0;
			shellPath = /bin/sh;
			shellScript = "diff \"${PODS_PODFILE_DIR_PATH}/Podfile.lock\" \"${PODS_ROOT}/Manifest.lock\" > /dev/null\nif [ $? != 0 ] ; then\n    # print error to STDERR\n    echo \"error: The sandbox is not in sync with the Podfile.lock. Run 'pod install' or update your CocoaPods installation.\" >&2\n    exit 1\nfi\n# This output is used by Xcode 'outputs' to avoid re-running this script phase.\necho \"SUCCESS\" > \"${SCRIPT_OUTPUT_FILE_0}\"\n";
			showEnvVarsInLog = 0;
		};
/* End PBXShellScriptBuildPhase section */

/* Begin PBXSourcesBuildPhase section */
		4A9ADD0EA4262D6167811F4D /* Sources */ = {
			isa = PBXSourcesBuildPhase;
			buildActionMask = 2147483647;
			files = (
				8109CE061EF3B5CFFD3BA3EB /* AppSwitcher.swift in Sources */,
				65C5B0BAE3D9A00A06DDBF32 /* SceneDelegate.swift in Sources */,
				BBBE0A7A3FE5AE7B3AEF04AE /* main.swift in Sources */,
				210369CA9C0F830790249E00 /* IONWalletApp.swift in Sources */,
				74CBF4B1480ADEF6F8B6CE71 /* AppDelegate.swift in Sources */,
				A95570473A46014B40615A92 /* HomeScreenQuickAction.swift in Sources */,
				581C04262F7138A00021E2E3 /* WalletAppShortcuts.swift in Sources */,
				38A2C0CE9AE3C9C63F6990F1 /* DebugView.swift in Sources */,
			);
			runOnlyForDeploymentPostprocessing = 0;
		};
		504EC3001FED79650016851F /* Sources */ = {
			isa = PBXSourcesBuildPhase;
			buildActionMask = 2147483647;
			files = (
				271019AD2CBE75EC00972D1A /* AppSwitcher.swift in Sources */,
				58E2E5582E15210500B90FFD /* SceneDelegate.swift in Sources */,
				27F19F5E2CECB4EB00ACE1B9 /* main.swift in Sources */,
				27F19F5F2CECB4EB00ACE1B9 /* IONWalletApp.swift in Sources */,
				504EC3081FED79650016851F /* AppDelegate.swift in Sources */,
				581C041C2F7131F50021E2E3 /* HomeScreenQuickAction.swift in Sources */,
				581C04222F7138A00021E2E3 /* WalletAppShortcuts.swift in Sources */,
				58ADCD1A2D3D7DF600198370 /* DebugView.swift in Sources */,
			);
			runOnlyForDeploymentPostprocessing = 0;
		};
		58F6317E2EB8CD8D00A90B79 /* Sources */ = {
			isa = PBXSourcesBuildPhase;
			buildActionMask = 2147483647;
			files = (
				58F6317F2EB8CD8D00A90B79 /* AppSwitcher.swift in Sources */,
				58F631802EB8CD8D00A90B79 /* SceneDelegate.swift in Sources */,
				58F631812EB8CD8D00A90B79 /* main.swift in Sources */,
				58F631822EB8CD8D00A90B79 /* IONWalletApp.swift in Sources */,
				58F631832EB8CD8D00A90B79 /* AppDelegate.swift in Sources */,
				581C041D2F7131F50021E2E3 /* HomeScreenQuickAction.swift in Sources */,
				581C04232F7138A00021E2E3 /* WalletAppShortcuts.swift in Sources */,
				58F631852EB8CD8D00A90B79 /* DebugView.swift in Sources */,
			);
			runOnlyForDeploymentPostprocessing = 0;
		};
/* End PBXSourcesBuildPhase section */

/* Begin XCBuildConfiguration section */
		194F61494DCC08445F401170 /* Release */ = {
			isa = XCBuildConfiguration;
			baseConfigurationReference = CD581E3E625146A6E0CABE39 /* Pods-IONWallet_Preview.release.xcconfig */;
			buildSettings = {
				ASSETCATALOG_COMPILER_APPICON_NAME = AppIcon;
				ASSETCATALOG_COMPILER_INCLUDE_ALL_APPICON_ASSETS = YES;
				CODE_SIGN_ENTITLEMENTS = Entitlements/IONWallet_Preview.entitlements;
				CODE_SIGN_IDENTITY = "Apple Development";
				CODE_SIGN_STYLE = Automatic;
				CURRENT_PROJECT_VERSION = 3;
				DEVELOPMENT_TEAM = Y54Z4K69Z9;
				INFOPLIST_FILE = App/Resources/IONWallet/Info.plist;
				IPHONEOS_DEPLOYMENT_TARGET = 16.0;
				LD_RUNPATH_SEARCH_PATHS = (
					"$(inherited)",
					"@executable_path/Frameworks",
				);
				MACOSX_DEPLOYMENT_TARGET = 14.6;
				MARKETING_VERSION = 4.9.4;
				PRODUCT_BUNDLE_IDENTIFIER = io.ice.wallet.preview;
				PRODUCT_NAME = "ION Wallet_Preview";
				PROVISIONING_PROFILE_SPECIFIER = "";
				SWIFT_ACTIVE_COMPILATION_CONDITIONS = "";
				SWIFT_VERSION = 5.0;
				TARGETED_DEVICE_FAMILY = "1,2";
			};
			name = Release;
		};
		504EC3141FED79650016851F /* Debug */ = {
			isa = XCBuildConfiguration;
			buildSettings = {
				ALWAYS_SEARCH_USER_PATHS = NO;
				CLANG_ANALYZER_LOCALIZABILITY_NONLOCALIZED = YES;
				CLANG_ANALYZER_NONNULL = YES;
				CLANG_ANALYZER_NUMBER_OBJECT_CONVERSION = YES_AGGRESSIVE;
				CLANG_CXX_LANGUAGE_STANDARD = "gnu++14";
				CLANG_CXX_LIBRARY = "libc++";
				CLANG_ENABLE_MODULES = YES;
				CLANG_ENABLE_OBJC_ARC = YES;
				CLANG_WARN_BLOCK_CAPTURE_AUTORELEASING = YES;
				CLANG_WARN_BOOL_CONVERSION = YES;
				CLANG_WARN_COMMA = YES;
				CLANG_WARN_CONSTANT_CONVERSION = YES;
				CLANG_WARN_DEPRECATED_OBJC_IMPLEMENTATIONS = YES;
				CLANG_WARN_DIRECT_OBJC_ISA_USAGE = YES_ERROR;
				CLANG_WARN_DOCUMENTATION_COMMENTS = YES;
				CLANG_WARN_EMPTY_BODY = YES;
				CLANG_WARN_ENUM_CONVERSION = YES;
				CLANG_WARN_INFINITE_RECURSION = YES;
				CLANG_WARN_INT_CONVERSION = YES;
				CLANG_WARN_NON_LITERAL_NULL_CONVERSION = YES;
				CLANG_WARN_OBJC_IMPLICIT_RETAIN_SELF = YES;
				CLANG_WARN_OBJC_LITERAL_CONVERSION = YES;
				CLANG_WARN_OBJC_ROOT_CLASS = YES_ERROR;
				CLANG_WARN_QUOTED_INCLUDE_IN_FRAMEWORK_HEADER = YES;
				CLANG_WARN_RANGE_LOOP_ANALYSIS = YES;
				CLANG_WARN_STRICT_PROTOTYPES = YES;
				CLANG_WARN_SUSPICIOUS_MOVE = YES;
				CLANG_WARN_UNGUARDED_AVAILABILITY = YES_AGGRESSIVE;
				CLANG_WARN_UNREACHABLE_CODE = YES;
				CLANG_WARN__DUPLICATE_METHOD_MATCH = YES;
				CODE_SIGN_IDENTITY = "iPhone Developer";
				COPY_PHASE_STRIP = NO;
				DEBUG_INFORMATION_FORMAT = dwarf;
				ENABLE_STRICT_OBJC_MSGSEND = YES;
				ENABLE_TESTABILITY = YES;
				GCC_C_LANGUAGE_STANDARD = gnu11;
				GCC_OPTIMIZATION_LEVEL = 0;
				GCC_PREPROCESSOR_DEFINITIONS = (
					"DEBUG=1",
					"$(inherited)",
				);
				GCC_WARN_64_TO_32_BIT_CONVERSION = YES;
				GCC_WARN_ABOUT_RETURN_TYPE = YES_ERROR;
				GCC_WARN_UNDECLARED_SELECTOR = YES;
				GCC_WARN_UNINITIALIZED_AUTOS = YES_AGGRESSIVE;
				GCC_WARN_UNUSED_FUNCTION = YES;
				GCC_WARN_UNUSED_VARIABLE = YES;
				IPHONEOS_DEPLOYMENT_TARGET = 16.0;
				MTL_ENABLE_DEBUG_INFO = YES;
				ONLY_ACTIVE_ARCH = YES;
				SDKROOT = iphoneos;
				SWIFT_ACTIVE_COMPILATION_CONDITIONS = DEBUG;
				SWIFT_EMIT_LOC_STRINGS = YES;
				SWIFT_OPTIMIZATION_LEVEL = "-Onone";
			};
			name = Debug;
		};
		504EC3151FED79650016851F /* Release */ = {
			isa = XCBuildConfiguration;
			buildSettings = {
				ALWAYS_SEARCH_USER_PATHS = NO;
				CLANG_ANALYZER_LOCALIZABILITY_NONLOCALIZED = YES;
				CLANG_ANALYZER_NONNULL = YES;
				CLANG_ANALYZER_NUMBER_OBJECT_CONVERSION = YES_AGGRESSIVE;
				CLANG_CXX_LANGUAGE_STANDARD = "gnu++14";
				CLANG_CXX_LIBRARY = "libc++";
				CLANG_ENABLE_MODULES = YES;
				CLANG_ENABLE_OBJC_ARC = YES;
				CLANG_WARN_BLOCK_CAPTURE_AUTORELEASING = YES;
				CLANG_WARN_BOOL_CONVERSION = YES;
				CLANG_WARN_COMMA = YES;
				CLANG_WARN_CONSTANT_CONVERSION = YES;
				CLANG_WARN_DEPRECATED_OBJC_IMPLEMENTATIONS = YES;
				CLANG_WARN_DIRECT_OBJC_ISA_USAGE = YES_ERROR;
				CLANG_WARN_DOCUMENTATION_COMMENTS = YES;
				CLANG_WARN_EMPTY_BODY = YES;
				CLANG_WARN_ENUM_CONVERSION = YES;
				CLANG_WARN_INFINITE_RECURSION = YES;
				CLANG_WARN_INT_CONVERSION = YES;
				CLANG_WARN_NON_LITERAL_NULL_CONVERSION = YES;
				CLANG_WARN_OBJC_IMPLICIT_RETAIN_SELF = YES;
				CLANG_WARN_OBJC_LITERAL_CONVERSION = YES;
				CLANG_WARN_OBJC_ROOT_CLASS = YES_ERROR;
				CLANG_WARN_QUOTED_INCLUDE_IN_FRAMEWORK_HEADER = YES;
				CLANG_WARN_RANGE_LOOP_ANALYSIS = YES;
				CLANG_WARN_STRICT_PROTOTYPES = YES;
				CLANG_WARN_SUSPICIOUS_MOVE = YES;
				CLANG_WARN_UNGUARDED_AVAILABILITY = YES_AGGRESSIVE;
				CLANG_WARN_UNREACHABLE_CODE = YES;
				CLANG_WARN__DUPLICATE_METHOD_MATCH = YES;
				CODE_SIGN_IDENTITY = "iPhone Developer";
				COPY_PHASE_STRIP = NO;
				ENABLE_NS_ASSERTIONS = NO;
				ENABLE_STRICT_OBJC_MSGSEND = YES;
				GCC_C_LANGUAGE_STANDARD = gnu11;
				GCC_WARN_64_TO_32_BIT_CONVERSION = YES;
				GCC_WARN_ABOUT_RETURN_TYPE = YES_ERROR;
				GCC_WARN_UNDECLARED_SELECTOR = YES;
				GCC_WARN_UNINITIALIZED_AUTOS = YES_AGGRESSIVE;
				GCC_WARN_UNUSED_FUNCTION = YES;
				GCC_WARN_UNUSED_VARIABLE = YES;
				IPHONEOS_DEPLOYMENT_TARGET = 16.0;
				MTL_ENABLE_DEBUG_INFO = NO;
				OTHER_SWIFT_FLAGS = "-Xfrontend -disable-dynamic-actor-isolation";
				SDKROOT = iphoneos;
				SWIFT_COMPILATION_MODE = wholemodule;
				SWIFT_EMIT_LOC_STRINGS = YES;
				SWIFT_OPTIMIZATION_LEVEL = "-O";
				VALIDATE_PRODUCT = YES;
			};
			name = Release;
		};
		504EC3171FED79650016851F /* Debug */ = {
			isa = XCBuildConfiguration;
			baseConfigurationReference = 2C1F7C413C12813CB27D7176 /* Pods-IONWallet.debug.xcconfig */;
			buildSettings = {
				ASSETCATALOG_COMPILER_APPICON_NAME = AppIcon;
				ASSETCATALOG_COMPILER_INCLUDE_ALL_APPICON_ASSETS = YES;
				CODE_SIGN_ENTITLEMENTS = Entitlements/IONWallet.entitlements;
				CODE_SIGN_IDENTITY = "Apple Development";
				CODE_SIGN_STYLE = Automatic;
				CURRENT_PROJECT_VERSION = 3517;
				DEVELOPMENT_TEAM = Y54Z4K69Z9;
				INFOPLIST_FILE = App/Resources/IONWallet/Info.plist;
				IPHONEOS_DEPLOYMENT_TARGET = 16.0;
				LD_RUNPATH_SEARCH_PATHS = (
					"$(inherited)",
					"@executable_path/Frameworks",
				);
				MACOSX_DEPLOYMENT_TARGET = 14.6;
				MARKETING_VERSION = 4.8.6;
				OTHER_SWIFT_FLAGS = "$(inherited) \"-D\" \"COCOAPODS\" \"-DDEBUG\"";
				PRODUCT_BUNDLE_IDENTIFIER = io.ice.wallet;
				PRODUCT_NAME = "ION Wallet";
				PROVISIONING_PROFILE_SPECIFIER = "";
				SWIFT_ACTIVE_COMPILATION_CONDITIONS = DEBUG;
				SWIFT_VERSION = 5.0;
				TARGETED_DEVICE_FAMILY = "1,2";
			};
			name = Debug;
		};
		504EC3181FED79650016851F /* Release */ = {
			isa = XCBuildConfiguration;
			baseConfigurationReference = C43B7F6B489AF6799EA86915 /* Pods-IONWallet.release.xcconfig */;
			buildSettings = {
				ASSETCATALOG_COMPILER_APPICON_NAME = AppIcon;
				ASSETCATALOG_COMPILER_INCLUDE_ALL_APPICON_ASSETS = YES;
				CODE_SIGN_ENTITLEMENTS = Entitlements/IONWallet.entitlements;
				CODE_SIGN_IDENTITY = "Apple Development";
				CODE_SIGN_STYLE = Automatic;
				CURRENT_PROJECT_VERSION = 3517;
				DEVELOPMENT_TEAM = Y54Z4K69Z9;
				INFOPLIST_FILE = App/Resources/IONWallet/Info.plist;
				IPHONEOS_DEPLOYMENT_TARGET = 16.0;
				LD_RUNPATH_SEARCH_PATHS = (
					"$(inherited)",
					"@executable_path/Frameworks",
				);
				MACOSX_DEPLOYMENT_TARGET = 14.6;
				MARKETING_VERSION = 4.8.6;
				PRODUCT_BUNDLE_IDENTIFIER = io.ice.wallet;
				PRODUCT_NAME = "ION Wallet";
				PROVISIONING_PROFILE_SPECIFIER = "";
				SWIFT_ACTIVE_COMPILATION_CONDITIONS = "";
				SWIFT_VERSION = 5.0;
				TARGETED_DEVICE_FAMILY = "1,2";
			};
			name = Release;
		};
		58F631D12EB8CD8D00A90B79 /* Debug */ = {
			isa = XCBuildConfiguration;
			baseConfigurationReference = 46B5FC650931B3990E86CF4E /* Pods-IONWallet_NoExtensions.debug.xcconfig */;
			buildSettings = {
				ASSETCATALOG_COMPILER_APPICON_NAME = AppIcon;
				ASSETCATALOG_COMPILER_INCLUDE_ALL_APPICON_ASSETS = YES;
				CODE_SIGN_ENTITLEMENTS = Entitlements/IONWallet_NoExtensions.entitlements;
				CODE_SIGN_IDENTITY = "Apple Development";
				CODE_SIGN_STYLE = Automatic;
				CURRENT_PROJECT_VERSION = 3517;
				DEVELOPMENT_TEAM = Y54Z4K69Z9;
				INFOPLIST_FILE = App/Resources/IONWallet/Info.plist;
				IPHONEOS_DEPLOYMENT_TARGET = 16.0;
				LD_RUNPATH_SEARCH_PATHS = (
					"$(inherited)",
					"@executable_path/Frameworks",
				);
				MACOSX_DEPLOYMENT_TARGET = 14.6;
				MARKETING_VERSION = 4.8.6;
				OTHER_SWIFT_FLAGS = "$(inherited) \"-D\" \"COCOAPODS\" \"-DDEBUG\"";
				PRODUCT_BUNDLE_IDENTIFIER = io.ice.wallet;
				PRODUCT_NAME = "ION Wallet_NoExtensions";
				PROVISIONING_PROFILE_SPECIFIER = "";
				SWIFT_ACTIVE_COMPILATION_CONDITIONS = DEBUG;
				SWIFT_VERSION = 5.0;
				TARGETED_DEVICE_FAMILY = "1,2";
			};
			name = Debug;
		};
		58F631D22EB8CD8D00A90B79 /* Release */ = {
			isa = XCBuildConfiguration;
			baseConfigurationReference = 6AEDE5416E3673C42B24A76F /* Pods-IONWallet_NoExtensions.release.xcconfig */;
			buildSettings = {
				ASSETCATALOG_COMPILER_APPICON_NAME = AppIcon;
				ASSETCATALOG_COMPILER_INCLUDE_ALL_APPICON_ASSETS = YES;
				CODE_SIGN_ENTITLEMENTS = Entitlements/IONWallet_NoExtensions.entitlements;
				CODE_SIGN_IDENTITY = "Apple Development";
				CODE_SIGN_STYLE = Automatic;
				CURRENT_PROJECT_VERSION = 3517;
				DEVELOPMENT_TEAM = Y54Z4K69Z9;
				INFOPLIST_FILE = App/Resources/IONWallet/Info.plist;
				IPHONEOS_DEPLOYMENT_TARGET = 16.0;
				LD_RUNPATH_SEARCH_PATHS = (
					"$(inherited)",
					"@executable_path/Frameworks",
				);
				MACOSX_DEPLOYMENT_TARGET = 14.6;
				MARKETING_VERSION = 4.8.6;
				PRODUCT_BUNDLE_IDENTIFIER = io.ice.wallet;
				PRODUCT_NAME = "ION Wallet_NoExtensions";
				PROVISIONING_PROFILE_SPECIFIER = "";
				SWIFT_ACTIVE_COMPILATION_CONDITIONS = "";
				SWIFT_VERSION = 5.0;
				TARGETED_DEVICE_FAMILY = "1,2";
			};
			name = Release;
		};
		668B2FFA2D78180C90FDD761 /* Debug */ = {
			isa = XCBuildConfiguration;
			baseConfigurationReference = 4DD1FC7780B6103A92335F3B /* Pods-IONWallet_Preview.debug.xcconfig */;
			buildSettings = {
				ASSETCATALOG_COMPILER_APPICON_NAME = AppIcon;
				ASSETCATALOG_COMPILER_INCLUDE_ALL_APPICON_ASSETS = YES;
				CODE_SIGN_ENTITLEMENTS = Entitlements/IONWallet_Preview.entitlements;
				CODE_SIGN_IDENTITY = "Apple Development";
				CODE_SIGN_STYLE = Automatic;
				CURRENT_PROJECT_VERSION = 3;
				DEVELOPMENT_TEAM = Y54Z4K69Z9;
				INFOPLIST_FILE = App/Resources/IONWallet/Info.plist;
				IPHONEOS_DEPLOYMENT_TARGET = 16.0;
				LD_RUNPATH_SEARCH_PATHS = (
					"$(inherited)",
					"@executable_path/Frameworks",
				);
				MACOSX_DEPLOYMENT_TARGET = 14.6;
				MARKETING_VERSION = 4.9.4;
				OTHER_SWIFT_FLAGS = "$(inherited) \"-D\" \"COCOAPODS\" \"-DDEBUG\"";
				PRODUCT_BUNDLE_IDENTIFIER = io.ice.wallet.preview;
				PRODUCT_NAME = "ION Wallet_Preview";
				PROVISIONING_PROFILE_SPECIFIER = "";
				SWIFT_ACTIVE_COMPILATION_CONDITIONS = DEBUG;
				SWIFT_VERSION = 5.0;
				TARGETED_DEVICE_FAMILY = "1,2";
			};
			name = Debug;
		};
/* End XCBuildConfiguration section */

/* Begin XCConfigurationList section */
		504EC2FF1FED79650016851F /* Build configuration list for PBXProject "App" */ = {
			isa = XCConfigurationList;
			buildConfigurations = (
				504EC3141FED79650016851F /* Debug */,
				504EC3151FED79650016851F /* Release */,
			);
			defaultConfigurationIsVisible = 0;
			defaultConfigurationName = Release;
		};
		504EC3161FED79650016851F /* Build configuration list for PBXNativeTarget "IONWallet" */ = {
			isa = XCConfigurationList;
			buildConfigurations = (
				504EC3171FED79650016851F /* Debug */,
				504EC3181FED79650016851F /* Release */,
			);
			defaultConfigurationIsVisible = 0;
			defaultConfigurationName = Release;
		};
		58F631D02EB8CD8D00A90B79 /* Build configuration list for PBXNativeTarget "IONWallet_NoExtensions" */ = {
			isa = XCConfigurationList;
			buildConfigurations = (
				58F631D12EB8CD8D00A90B79 /* Debug */,
				58F631D22EB8CD8D00A90B79 /* Release */,
			);
			defaultConfigurationIsVisible = 0;
			defaultConfigurationName = Release;
		};
		E7E6A44CCDF5260ACDE65F97 /* Build configuration list for PBXNativeTarget "IONWallet_Preview" */ = {
			isa = XCConfigurationList;
			buildConfigurations = (
				194F61494DCC08445F401170 /* Release */,
				668B2FFA2D78180C90FDD761 /* Debug */,
			);
			defaultConfigurationIsVisible = 0;
			defaultConfigurationName = Release;
		};
/* End XCConfigurationList section */

/* Begin XCRemoteSwiftPackageReference section */
		2054E5367348F6E9D47E2836 /* XCRemoteSwiftPackageReference "firebase-ios-sdk" */ = {
			isa = XCRemoteSwiftPackageReference;
			repositoryURL = "https://github.com/firebase/firebase-ios-sdk.git";
			requirement = {
				kind = upToNextMajorVersion;
				minimumVersion = 11.9.0;
			};
		};
/* End XCRemoteSwiftPackageReference section */

/* Begin XCSwiftPackageProductDependency section */
		59E0000A2FA0000100BEEF01 /* WalletResources */ = {
			isa = XCSwiftPackageProductDependency;
			productName = WalletResources;
		};
		59E0000B2FA0000100BEEF01 /* WalletResources */ = {
			isa = XCSwiftPackageProductDependency;
			productName = WalletResources;
		};
		59E0000E2FA0000100BEEF01 /* WalletResources */ = {
			isa = XCSwiftPackageProductDependency;
			productName = WalletResources;
		};
/* End XCSwiftPackageProductDependency section */
	};
	rootObject = 504EC2FC1FED79650016851F /* Project object */;
}
